
Microsoft Visual Studio Solution File, Format Version 12.00
# Visual Studio Version 17
VisualStudioVersion = 17.7.34031.279
MinimumVisualStudioVersion = 10.0.40219.1
Project("{FAE04EC0-301F-11D3-BF4B-00C04F79EFBC}") = "Filehandler", "Filehandler\Filehandler.csproj", "{AB4849D2-4D6B-42EF-A687-455453BF9308}"
EndProject
Global
	GlobalSection(SolutionConfigurationPlatforms) = preSolution
		Debug|Any CPU = Debug|Any CPU
		Release|Any CPU = Release|Any CPU
	EndGlobalSection
	GlobalSection(ProjectConfigurationPlatforms) = postSolution
		{AB4849D2-4D6B-42EF-A687-455453BF9308}.Debug|Any CPU.ActiveCfg = Debug|Any CPU
		{AB4849D2-4D6B-42EF-A687-455453BF9308}.Debug|Any CPU.Build.0 = Debug|Any CPU
		{AB4849D2-4D6B-42EF-A687-455453BF9308}.Release|Any CPU.ActiveCfg = Release|Any CPU
		{AB4849D2-4D6B-42EF-A687-455453BF9308}.Release|Any CPU.Build.0 = Release|Any CPU
	EndGlobalSection
	GlobalSection(SolutionProperties) = preSolution
		HideSolutionNode = FALSE
	EndGlobalSection
	GlobalSection(ExtensibilityGlobals) = postSolution
		SolutionGuid = {6EBC25DF-CFCC-4ADD-9BBE-2A93F71E731A}
	EndGlobalSection
EndGlobal
